PODS:
  - GHModalStatus (1.0.9)

DEPENDENCIES:
  - GHModalStatus (from `https://github.com/gabrielhsp/modal-status-ios.git`, tag `1.0.9`)

EXTERNAL SOURCES:
  GHModalStatus:
    :git: https://github.com/gabrielhsp/modal-status-ios.git
    :tag: 1.0.9

CHECKOUT OPTIONS:
  GHModalStatus:
    :git: https://github.com/gabrielhsp/modal-status-ios.git
    :tag: 1.0.9

SPEC CHECKSUMS:
  GHModalStatus: 1bb32194e300d90c34c8aa519f0b1d6df30245b1

PODFILE CHECKSUM: b96749c5d19428e0603aaa92832259a9b2ff1f1a

COCOAPODS: 1.6.1
