PODS:
  - GHModalStatus (1.0.1)

DEPENDENCIES:
  - GHModalStatus (from `https://github.com/gabrielhsp/modal-status-ios.git`, tag `v1.0.1`)

EXTERNAL SOURCES:
  GHModalStatus:
    :git: https://github.com/gabrielhsp/modal-status-ios.git
    :tag: v1.0.1

CHECKOUT OPTIONS:
  GHModalStatus:
    :git: https://github.com/gabrielhsp/modal-status-ios.git
    :tag: v1.0.1

SPEC CHECKSUMS:
  GHModalStatus: dd7b5b95fc6afd9d0f3234ffc2c060b1e64a8fef

PODFILE CHECKSUM: 6b6a6ec75165affed72d9c440338546a3fb071db

COCOAPODS: 1.6.1
